
Microsoft Visual Studio Solution File, Format Version 12.00
# Visual Studio 15
VisualStudioVersion = 15.0.28307.572
MinimumVisualStudioVersion = 10.0.40219.1
Project("{FAE04EC0-301F-11D3-BF4B-00C04F79EFBC}") = "IISInstaller", "IISInstaller\IISInstaller.csproj", "{1F6F24C1-2D1D-4194-AC0F-5929A70713C5}"
EndProject
Global
	GlobalSection(SolutionConfigurationPlatforms) = preSolution
		Debug|Any CPU = Debug|Any CPU
		Release|Any CPU = Release|Any CPU
	EndGlobalSection
	GlobalSection(ProjectConfigurationPlatforms) = postSolution
		{1F6F24C1-2D1D-4194-AC0F-5929A70713C5}.Debug|Any CPU.ActiveCfg = Debug|Any CPU
		{1F6F24C1-2D1D-4194-AC0F-5929A70713C5}.Debug|Any CPU.Build.0 = Debug|Any CPU
		{1F6F24C1-2D1D-4194-AC0F-5929A70713C5}.Release|Any CPU.ActiveCfg = Release|Any CPU
		{1F6F24C1-2D1D-4194-AC0F-5929A70713C5}.Release|Any CPU.Build.0 = Release|Any CPU
	EndGlobalSection
	GlobalSection(SolutionProperties) = preSolution
		HideSolutionNode = FALSE
	EndGlobalSection
	GlobalSection(ExtensibilityGlobals) = postSolution
		SolutionGuid = {8B26B1ED-1E94-4672-97C8-4F1F6A020E05}
	EndGlobalSection
EndGlobal
